// !$*UTF8*$!
{
	archiveVersion = 1;
	classes = {
	};
	objectVersion = 51;
	objects = {

/* Begin PBXBuildFile section */
		56C75FCFCF969D5509F47513 /* Pods_parsechat_parsechatUITests.framework in Frameworks */ = {isa = PBXBuildFile; fileRef = 183EB821E82E63FD52DF2CD9 /* Pods_parsechat_parsechatUITests.framework */; };
		5FDCD8B92B23DC6E850C5E85 /* Pods_parsechat.framework in Frameworks */ = {isa = PBXBuildFile; fileRef = 86B25572458F2D030C166572 /* Pods_parsechat.framework */; };
		7CEB37B52694AFF00041B40A /* AppDelegate.m in Sources */ = {isa = PBXBuildFile; fileRef = 7CEB37B42694AFF00041B40A /* AppDelegate.m */; };
		7CEB37B82694AFF00041B40A /* SceneDelegate.m in Sources */ = {isa = PBXBuildFile; fileRef = 7CEB37B72694AFF00041B40A /* SceneDelegate.m */; };
		7CEB37BE2694AFF00041B40A /* Main.storyboard in Resources */ = {isa = PBXBuildFile; fileRef = 7CEB37BC2694AFF00041B40A /* Main.storyboard */; };
		7CEB37C02694AFF10041B40A /* Assets.xcassets in Resources */ = {isa = PBXBuildFile; fileRef = 7CEB37BF2694AFF10041B40A /* Assets.xcassets */; };
		7CEB37C32694AFF10041B40A /* LaunchScreen.storyboard in Resources */ = {isa = PBXBuildFile; fileRef = 7CEB37C12694AFF10041B40A /* LaunchScreen.storyboard */; };
		7CEB37C62694AFF10041B40A /* main.m in Sources */ = {isa = PBXBuildFile; fileRef = 7CEB37C52694AFF10041B40A /* main.m */; };
		7CEB37D02694AFF20041B40A /* parsechatTests.m in Sources */ = {isa = PBXBuildFile; fileRef = 7CEB37CF2694AFF20041B40A /* parsechatTests.m */; };
		7CEB37DB2694AFF20041B40A /* parsechatUITests.m in Sources */ = {isa = PBXBuildFile; fileRef = 7CEB37DA2694AFF20041B40A /* parsechatUITests.m */; };
		7CEB37EA2694B16D0041B40A /* LoginViewController.m in Sources */ = {isa = PBXBuildFile; fileRef = 7CEB37E92694B16D0041B40A /* LoginViewController.m */; };
		7CEB37F02694B8410041B40A /* ChatViewController.m in Sources */ = {isa = PBXBuildFile; fileRef = 7CEB37EF2694B8410041B40A /* ChatViewController.m */; };
		7CEB37F32694BA4F0041B40A /* ChatCell.m in Sources */ = {isa = PBXBuildFile; fileRef = 7CEB37F22694BA4F0041B40A /* ChatCell.m */; };
		D811F10ABA3C04CD4285CE2C /* Pods_parsechatTests.framework in Frameworks */ = {isa = PBXBuildFile; fileRef = 598991AAC46438E09C614D73 /* Pods_parsechatTests.framework */; };
/* End PBXBuildFile section */

/* Begin PBXContainerItemProxy section */
		7CEB37CC2694AFF20041B40A /* PBXContainerItemProxy */ = {
			isa = PBXContainerItemProxy;
			containerPortal = 7CEB37A82694AFF00041B40A /* Project object */;
			proxyType = 1;
			remoteGlobalIDString = 7CEB37AF2694AFF00041B40A;
			remoteInfo = parsechat;
		};
		7CEB37D72694AFF20041B40A /* PBXContainerItemProxy */ = {
			isa = PBXContainerItemProxy;
			containerPortal = 7CEB37A82694AFF00041B40A /* Project object */;
			proxyType = 1;
			remoteGlobalIDString = 7CEB37AF2694AFF00041B40A;
			remoteInfo = parsechat;
		};
/* End PBXContainerItemProxy section */

/* Begin PBXFileReference section */
		183EB821E82E63FD52DF2CD9 /* Pods_parsechat_parsechatUITests.framework */ = {isa = PBXFileReference; explicitFileType = wrapper.framework; includeInIndex = 0; path = Pods_parsechat_parsechatUITests.framework; sourceTree = BUILT_PRODUCTS_DIR; };
		531DEBBF5981F843DEE931BA /* Pods-parsechat.release.xcconfig */ = {isa = PBXFileReference; includeInIndex = 1; lastKnownFileType = text.xcconfig; name = "Pods-parsechat.release.xcconfig"; path = "Target Support Files/Pods-parsechat/Pods-parsechat.release.xcconfig"; sourceTree = "<group>"; };
		598991AAC46438E09C614D73 /* Pods_parsechatTests.framework */ = {isa = PBXFileReference; explicitFileType = wrapper.framework; includeInIndex = 0; path = Pods_parsechatTests.framework; sourceTree = BUILT_PRODUCTS_DIR; };
		612E9B1199166B608EB2F542 /* Pods-parsechat-parsechatUITests.debug.xcconfig */ = {isa = PBXFileReference; includeInIndex = 1; lastKnownFileType = text.xcconfig; name = "Pods-parsechat-parsechatUITests.debug.xcconfig"; path = "Target Support Files/Pods-parsechat-parsechatUITests/Pods-parsechat-parsechatUITests.debug.xcconfig"; sourceTree = "<group>"; };
		7CEB37B02694AFF00041B40A /* parsechat.app */ = {isa = PBXFileReference; explicitFileType = wrapper.application; includeInIndex = 0; path = parsechat.app; sourceTree = BUILT_PRODUCTS_DIR; };
		7CEB37B32694AFF00041B40A /* AppDelegate.h */ = {isa = PBXFileReference; lastKnownFileType = sourcecode.c.h; path = AppDelegate.h; sourceTree = "<group>"; };
		7CEB37B42694AFF00041B40A /* AppDelegate.m */ = {isa = PBXFileReference; lastKnownFileType = sourcecode.c.objc; path = AppDelegate.m; sourceTree = "<group>"; };
		7CEB37B62694AFF00041B40A /* SceneDelegate.h */ = {isa = PBXFileReference; lastKnownFileType = sourcecode.c.h; path = SceneDelegate.h; sourceTree = "<group>"; };
		7CEB37B72694AFF00041B40A /* SceneDelegate.m */ = {isa = PBXFileReference; lastKnownFileType = sourcecode.c.objc; path = SceneDelegate.m; sourceTree = "<group>"; };
		7CEB37BD2694AFF00041B40A /* Base */ = {isa = PBXFileReference; lastKnownFileType = file.storyboard; name = Base; path = Base.lproj/Main.storyboard; sourceTree = "<group>"; };
		7CEB37BF2694AFF10041B40A /* Assets.xcassets */ = {isa = PBXFileReference; lastKnownFileType = folder.assetcatalog; path = Assets.xcassets; sourceTree = "<group>"; };
		7CEB37C22694AFF10041B40A /* Base */ = {isa = PBXFileReference; lastKnownFileType = file.storyboard; name = Base; path = Base.lproj/LaunchScreen.storyboard; sourceTree = "<group>"; };
		7CEB37C42694AFF10041B40A /* Info.plist */ = {isa = PBXFileReference; lastKnownFileType = text.plist.xml; path = Info.plist; sourceTree = "<group>"; };
		7CEB37C52694AFF10041B40A /* main.m */ = {isa = PBXFileReference; lastKnownFileType = sourcecode.c.objc; path = main.m; sourceTree = "<group>"; };
		7CEB37CB2694AFF20041B40A /* parsechatTests.xctest */ = {isa = PBXFileReference; explicitFileType = wrapper.cfbundle; includeInIndex = 0; path = parsechatTests.xctest; sourceTree = BUILT_PRODUCTS_DIR; };
		7CEB37CF2694AFF20041B40A /* parsechatTests.m */ = {isa = PBXFileReference; lastKnownFileType = sourcecode.c.objc; path = parsechatTests.m; sourceTree = "<group>"; };
		7CEB37D12694AFF20041B40A /* Info.plist */ = {isa = PBXFileReference; lastKnownFileType = text.plist.xml; path = Info.plist; sourceTree = "<group>"; };
		7CEB37D62694AFF20041B40A /* parsechatUITests.xctest */ = {isa = PBXFileReference; explicitFileType = wrapper.cfbundle; includeInIndex = 0; path = parsechatUITests.xctest; sourceTree = BUILT_PRODUCTS_DIR; };
		7CEB37DA2694AFF20041B40A /* parsechatUITests.m */ = {isa = PBXFileReference; lastKnownFileType = sourcecode.c.objc; path = parsechatUITests.m; sourceTree = "<group>"; };
		7CEB37DC2694AFF20041B40A /* Info.plist */ = {isa = PBXFileReference; lastKnownFileType = text.plist.xml; path = Info.plist; sourceTree = "<group>"; };
		7CEB37E82694B16D0041B40A /* LoginViewController.h */ = {isa = PBXFileReference; lastKnownFileType = sourcecode.c.h; path = LoginViewController.h; sourceTree = "<group>"; };
		7CEB37E92694B16D0041B40A /* LoginViewController.m */ = {isa = PBXFileReference; lastKnownFileType = sourcecode.c.objc; path = LoginViewController.m; sourceTree = "<group>"; };
		7CEB37EE2694B8410041B40A /* ChatViewController.h */ = {isa = PBXFileReference; lastKnownFileType = sourcecode.c.h; path = ChatViewController.h; sourceTree = "<group>"; };
		7CEB37EF2694B8410041B40A /* ChatViewController.m */ = {isa = PBXFileReference; lastKnownFileType = sourcecode.c.objc; path = ChatViewController.m; sourceTree = "<group>"; };
		7CEB37F12694BA4F0041B40A /* ChatCell.h */ = {isa = PBXFileReference; lastKnownFileType = sourcecode.c.h; path = ChatCell.h; sourceTree = "<group>"; };
		7CEB37F22694BA4F0041B40A /* ChatCell.m */ = {isa = PBXFileReference; lastKnownFileType = sourcecode.c.objc; path = ChatCell.m; sourceTree = "<group>"; };
		86B25572458F2D030C166572 /* Pods_parsechat.framework */ = {isa = PBXFileReference; explicitFileType = wrapper.framework; includeInIndex = 0; path = Pods_parsechat.framework; sourceTree = BUILT_PRODUCTS_DIR; };
		9F0610EC2E8C8D0B53B7AB85 /* Pods-parsechat-parsechatUITests.release.xcconfig */ = {isa = PBXFileReference; includeInIndex = 1; lastKnownFileType = text.xcconfig; name = "Pods-parsechat-parsechatUITests.release.xcconfig"; path = "Target Support Files/Pods-parsechat-parsechatUITests/Pods-parsechat-parsechatUITests.release.xcconfig"; sourceTree = "<group>"; };
		A6C1D1073C6042B3F22D47C6 /* Pods-parsechat.debug.xcconfig */ = {isa = PBXFileReference; includeInIndex = 1; lastKnownFileType = text.xcconfig; name = "Pods-parsechat.debug.xcconfig"; path = "Target Support Files/Pods-parsechat/Pods-parsechat.debug.xcconfig"; sourceTree = "<group>"; };
		E49D76B7785DE4E83867937F /* Pods-parsechatTests.debug.xcconfig */ = {isa = PBXFileReference; includeInIndex = 1; lastKnownFileType = text.xcconfig; name = "Pods-parsechatTests.debug.xcconfig"; path = "Target Support Files/Pods-parsechatTests/Pods-parsechatTests.debug.xcconfig"; sourceTree = "<group>"; };
		FEEF9F6236FE6E499B545B34 /* Pods-parsechatTests.release.xcconfig */ = {isa = PBXFileReference; includeInIndex = 1; lastKnownFileType = text.xcconfig; name = "Pods-parsechatTests.release.xcconfig"; path = "Target Support Files/Pods-parsechatTests/Pods-parsechatTests.release.xcconfig"; sourceTree = "<group>"; };
/* End PBXFileReference section */

/* Begin PBXFrameworksBuildPhase section */
		7CEB37AD2694AFF00041B40A /* Frameworks */ = {
			isa = PBXFrameworksBuildPhase;
			buildActionMask = 2147483647;
			files = (
				5FDCD8B92B23DC6E850C5E85 /* Pods_parsechat.framework in Frameworks */,
			);
			runOnlyForDeploymentPostprocessing = 0;
		};
		7CEB37C82694AFF20041B40A /* Frameworks */ = {
			isa = PBXFrameworksBuildPhase;
			buildActionMask = 2147483647;
			files = (
				D811F10ABA3C04CD4285CE2C /* Pods_parsechatTests.framework in Frameworks */,
			);
			runOnlyForDeploymentPostprocessing = 0;
		};
		7CEB37D32694AFF20041B40A /* Frameworks */ = {
			isa = PBXFrameworksBuildPhase;
			buildActionMask = 2147483647;
			files = (
				56C75FCFCF969D5509F47513 /* Pods_parsechat_parsechatUITests.framework in Frameworks */,
			);
			runOnlyForDeploymentPostprocessing = 0;
		};
/* End PBXFrameworksBuildPhase section */

/* Begin PBXGroup section */
		3471D8B254C4B6B09BA8EBD2 /* Frameworks */ = {
			isa = PBXGroup;
			children = (
				86B25572458F2D030C166572 /* Pods_parsechat.framework */,
				183EB821E82E63FD52DF2CD9 /* Pods_parsechat_parsechatUITests.framework */,
				598991AAC46438E09C614D73 /* Pods_parsechatTests.framework */,
			);
			name = Frameworks;
			sourceTree = "<group>";
		};
		7CEB37A72694AFF00041B40A = {
			isa = PBXGroup;
			children = (
				7CEB37B22694AFF00041B40A /* parsechat */,
				7CEB37CE2694AFF20041B40A /* parsechatTests */,
				7CEB37D92694AFF20041B40A /* parsechatUITests */,
				7CEB37B12694AFF00041B40A /* Products */,
				ADDF99C87714474B9AF80A69 /* Pods */,
				3471D8B254C4B6B09BA8EBD2 /* Frameworks */,
			);
			sourceTree = "<group>";
		};
		7CEB37B12694AFF00041B40A /* Products */ = {
			isa = PBXGroup;
			children = (
				7CEB37B02694AFF00041B40A /* parsechat.app */,
				7CEB37CB2694AFF20041B40A /* parsechatTests.xctest */,
				7CEB37D62694AFF20041B40A /* parsechatUITests.xctest */,
			);
			name = Products;
			sourceTree = "<group>";
		};
		7CEB37B22694AFF00041B40A /* parsechat */ = {
			isa = PBXGroup;
			children = (
				7CEB37B32694AFF00041B40A /* AppDelegate.h */,
				7CEB37B42694AFF00041B40A /* AppDelegate.m */,
				7CEB37E82694B16D0041B40A /* LoginViewController.h */,
				7CEB37E92694B16D0041B40A /* LoginViewController.m */,
				7CEB37B62694AFF00041B40A /* SceneDelegate.h */,
				7CEB37B72694AFF00041B40A /* SceneDelegate.m */,
				7CEB37BC2694AFF00041B40A /* Main.storyboard */,
				7CEB37F12694BA4F0041B40A /* ChatCell.h */,
				7CEB37F22694BA4F0041B40A /* ChatCell.m */,
				7CEB37EE2694B8410041B40A /* ChatViewController.h */,
				7CEB37EF2694B8410041B40A /* ChatViewController.m */,
				7CEB37BF2694AFF10041B40A /* Assets.xcassets */,
				7CEB37C12694AFF10041B40A /* LaunchScreen.storyboard */,
				7CEB37C42694AFF10041B40A /* Info.plist */,
				7CEB37C52694AFF10041B40A /* main.m */,
			);
			path = parsechat;
			sourceTree = "<group>";
		};
		7CEB37CE2694AFF20041B40A /* parsechatTests */ = {
			isa = PBXGroup;
			children = (
				7CEB37CF2694AFF20041B40A /* parsechatTests.m */,
				7CEB37D12694AFF20041B40A /* Info.plist */,
			);
			path = parsechatTests;
			sourceTree = "<group>";
		};
		7CEB37D92694AFF20041B40A /* parsechatUITests */ = {
			isa = PBXGroup;
			children = (
				7CEB37DA2694AFF20041B40A /* parsechatUITests.m */,
				7CEB37DC2694AFF20041B40A /* Info.plist */,
			);
			path = parsechatUITests;
			sourceTree = "<group>";
		};
		ADDF99C87714474B9AF80A69 /* Pods */ = {
			isa = PBXGroup;
			children = (
				A6C1D1073C6042B3F22D47C6 /* Pods-parsechat.debug.xcconfig */,
				531DEBBF5981F843DEE931BA /* Pods-parsechat.release.xcconfig */,
				612E9B1199166B608EB2F542 /* Pods-parsechat-parsechatUITests.debug.xcconfig */,
				9F0610EC2E8C8D0B53B7AB85 /* Pods-parsechat-parsechatUITests.release.xcconfig */,
				E49D76B7785DE4E83867937F /* Pods-parsechatTests.debug.xcconfig */,
				FEEF9F6236FE6E499B545B34 /* Pods-parsechatTests.release.xcconfig */,
			);
			path = Pods;
			sourceTree = "<group>";
		};
/* End PBXGroup section */

/* Begin PBXNativeTarget section */
		7CEB37AF2694AFF00041B40A /* parsechat */ = {
			isa = PBXNativeTarget;
			buildConfigurationList = 7CEB37DF2694AFF20041B40A /* Build configuration list for PBXNativeTarget "parsechat" */;
			buildPhases = (
				3C49EF728BA64BB9C2EB36BF /* [CP] Check Pods Manifest.lock */,
				7CEB37AC2694AFF00041B40A /* Sources */,
				7CEB37AD2694AFF00041B40A /* Frameworks */,
				7CEB37AE2694AFF00041B40A /* Resources */,
				6F2D51AB62A8DA464DEE04A7 /* [CP] Embed Pods Frameworks */,
			);
			buildRules = (
			);
			dependencies = (
			);
			name = parsechat;
			productName = parsechat;
			productReference = 7CEB37B02694AFF00041B40A /* parsechat.app */;
			productType = "com.apple.product-type.application";
		};
		7CEB37CA2694AFF20041B40A /* parsechatTests */ = {
			isa = PBXNativeTarget;
			buildConfigurationList = 7CEB37E22694AFF20041B40A /* Build configuration list for PBXNativeTarget "parsechatTests" */;
			buildPhases = (
				7FC1257795F907A221D02E1D /* [CP] Check Pods Manifest.lock */,
				7CEB37C72694AFF20041B40A /* Sources */,
				7CEB37C82694AFF20041B40A /* Frameworks */,
				7CEB37C92694AFF20041B40A /* Resources */,
			);
			buildRules = (
			);
			dependencies = (
				7CEB37CD2694AFF20041B40A /* PBXTargetDependency */,
			);
			name = parsechatTests;
			productName = parsechatTests;
			productReference = 7CEB37CB2694AFF20041B40A /* parsechatTests.xctest */;
			productType = "com.apple.product-type.bundle.unit-test";
		};
		7CEB37D52694AFF20041B40A /* parsechatUITests */ = {
			isa = PBXNativeTarget;
			buildConfigurationList = 7CEB37E52694AFF20041B40A /* Build configuration list for PBXNativeTarget "parsechatUITests" */;
			buildPhases = (
				A6DA70AF01DB77BB90D2FED9 /* [CP] Check Pods Manifest.lock */,
				7CEB37D22694AFF20041B40A /* Sources */,
				7CEB37D32694AFF20041B40A /* Frameworks */,
				7CEB37D42694AFF20041B40A /* Resources */,
				D9DA8E00FC1C41B9457D16F3 /* [CP] Embed Pods Frameworks */,
			);
			buildRules = (
			);
			dependencies = (
				7CEB37D82694AFF20041B40A /* PBXTargetDependency */,
			);
			name = parsechatUITests;
			productName = parsechatUITests;
			productReference = 7CEB37D62694AFF20041B40A /* parsechatUITests.xctest */;
			productType = "com.apple.product-type.bundle.ui-testing";
		};
/* End PBXNativeTarget section */

/* Begin PBXProject section */
		7CEB37A82694AFF00041B40A /* Project object */ = {
			isa = PBXProject;
			attributes = {
				LastUpgradeCheck = 1250;
				TargetAttributes = {
					7CEB37AF2694AFF00041B40A = {
						CreatedOnToolsVersion = 12.5.1;
					};
					7CEB37CA2694AFF20041B40A = {
						CreatedOnToolsVersion = 12.5.1;
						TestTargetID = 7CEB37AF2694AFF00041B40A;
					};
					7CEB37D52694AFF20041B40A = {
						CreatedOnToolsVersion = 12.5.1;
						TestTargetID = 7CEB37AF2694AFF00041B40A;
					};
				};
			};
			buildConfigurationList = 7CEB37AB2694AFF00041B40A /* Build configuration list for PBXProject "parsechat" */;
			compatibilityVersion = "Xcode 9.3";
			developmentRegion = en;
			hasScannedForEncodings = 0;
			knownRegions = (
				en,
				Base,
			);
			mainGroup = 7CEB37A72694AFF00041B40A;
			productRefGroup = 7CEB37B12694AFF00041B40A /* Products */;
			projectDirPath = "";
			projectRoot = "";
			targets = (
				7CEB37AF2694AFF00041B40A /* parsechat */,
				7CEB37CA2694AFF20041B40A /* parsechatTests */,
				7CEB37D52694AFF20041B40A /* parsechatUITests */,
			);
		};
/* End PBXProject section */

/* Begin PBXResourcesBuildPhase section */
		7CEB37AE2694AFF00041B40A /* Resources */ = {
			isa = PBXResourcesBuildPhase;
			buildActionMask = 2147483647;
			files = (
				7CEB37C32694AFF10041B40A /* LaunchScreen.storyboard in Resources */,
				7CEB37C02694AFF10041B40A /* Assets.xcassets in Resources */,
				7CEB37BE2694AFF00041B40A /* Main.storyboard in Resources */,
			);
			runOnlyForDeploymentPostprocessing = 0;
		};
		7CEB37C92694AFF20041B40A /* Resources */ = {
			isa = PBXResourcesBuildPhase;
			buildActionMask = 2147483647;
			files = (
			);
			runOnlyForDeploymentPostprocessing = 0;
		};
		7CEB37D42694AFF20041B40A /* Resources */ = {
			isa = PBXResourcesBuildPhase;
			buildActionMask = 2147483647;
			files = (
			);
			runOnlyForDeploymentPostprocessing = 0;
		};
/* End PBXResourcesBuildPhase section */

/* Begin PBXShellScriptBuildPhase section */
		3C49EF728BA64BB9C2EB36BF /* [CP] Check Pods Manifest.lock */ = {
			isa = PBXShellScriptBuildPhase;
			buildActionMask = 2147483647;
			files = (
			);
			inputFileListPaths = (
			);
			inputPaths = (
				"${PODS_PODFILE_DIR_PATH}/Podfile.lock",
				"${PODS_ROOT}/Manifest.lock",
			);
			name = "[CP] Check Pods Manifest.lock";
			outputFileListPaths = (
			);
			outputPaths = (
				"$(DERIVED_FILE_DIR)/Pods-parsechat-checkManifestLockResult.txt",
			);
			runOnlyForDeploymentPostprocessing = 0;
			shellPath = /bin/sh;
			shellScript = "diff \"${PODS_PODFILE_DIR_PATH}/Podfile.lock\" \"${PODS_ROOT}/Manifest.lock\" > /dev/null\nif [ $? != 0 ] ; then\n    # print error to STDERR\n    echo \"error: The sandbox is not in sync with the Podfile.lock. Run 'pod install' or update your CocoaPods installation.\" >&2\n    exit 1\nfi\n# This output is used by Xcode 'outputs' to avoid re-running this script phase.\necho \"SUCCESS\" > \"${SCRIPT_OUTPUT_FILE_0}\"\n";
			showEnvVarsInLog = 0;
		};
		6F2D51AB62A8DA464DEE04A7 /* [CP] Embed Pods Frameworks */ = {
			isa = PBXShellScriptBuildPhase;
			buildActionMask = 2147483647;
			files = (
			);
			inputFileListPaths = (
				"${PODS_ROOT}/Target Support Files/Pods-parsechat/Pods-parsechat-frameworks-${CONFIGURATION}-input-files.xcfilelist",
			);
			name = "[CP] Embed Pods Frameworks";
			outputFileListPaths = (
				"${PODS_ROOT}/Target Support Files/Pods-parsechat/Pods-parsechat-frameworks-${CONFIGURATION}-output-files.xcfilelist",
			);
			runOnlyForDeploymentPostprocessing = 0;
			shellPath = /bin/sh;
			shellScript = "\"${PODS_ROOT}/Target Support Files/Pods-parsechat/Pods-parsechat-frameworks.sh\"\n";
			showEnvVarsInLog = 0;
		};
		7FC1257795F907A221D02E1D /* [CP] Check Pods Manifest.lock */ = {
			isa = PBXShellScriptBuildPhase;
			buildActionMask = 2147483647;
			files = (
			);
			inputFileListPaths = (
			);
			inputPaths = (
				"${PODS_PODFILE_DIR_PATH}/Podfile.lock",
				"${PODS_ROOT}/Manifest.lock",
			);
			name = "[CP] Check Pods Manifest.lock";
			outputFileListPaths = (
			);
			outputPaths = (
				"$(DERIVED_FILE_DIR)/Pods-parsechatTests-checkManifestLockResult.txt",
			);
			runOnlyForDeploymentPostprocessing = 0;
			shellPath = /bin/sh;
			shellScript = "diff \"${PODS_PODFILE_DIR_PATH}/Podfile.lock\" \"${PODS_ROOT}/Manifest.lock\" > /dev/null\nif [ $? != 0 ] ; then\n    # print error to STDERR\n    echo \"error: The sandbox is not in sync with the Podfile.lock. Run 'pod install' or update your CocoaPods installation.\" >&2\n    exit 1\nfi\n# This output is used by Xcode 'outputs' to avoid re-running this script phase.\necho \"SUCCESS\" > \"${SCRIPT_OUTPUT_FILE_0}\"\n";
			showEnvVarsInLog = 0;
		};
		A6DA70AF01DB77BB90D2FED9 /* [CP] Check Pods Manifest.lock */ = {
			isa = PBXShellScriptBuildPhase;
			buildActionMask = 2147483647;
			files = (
			);
			inputFileListPaths = (
			);
			inputPaths = (
				"${PODS_PODFILE_DIR_PATH}/Podfile.lock",
				"${PODS_ROOT}/Manifest.lock",
			);
			name = "[CP] Check Pods Manifest.lock";
			outputFileListPaths = (
			);
			outputPaths = (
				"$(DERIVED_FILE_DIR)/Pods-parsechat-parsechatUITests-checkManifestLockResult.txt",
			);
			runOnlyForDeploymentPostprocessing = 0;
			shellPath = /bin/sh;
			shellScript = "diff \"${PODS_PODFILE_DIR_PATH}/Podfile.lock\" \"${PODS_ROOT}/Manifest.lock\" > /dev/null\nif [ $? != 0 ] ; then\n    # print error to STDERR\n    echo \"error: The sandbox is not in sync with the Podfile.lock. Run 'pod install' or update your CocoaPods installation.\" >&2\n    exit 1\nfi\n# This output is used by Xcode 'outputs' to avoid re-running this script phase.\necho \"SUCCESS\" > \"${SCRIPT_OUTPUT_FILE_0}\"\n";
			showEnvVarsInLog = 0;
		};
		D9DA8E00FC1C41B9457D16F3 /* [CP] Embed Pods Frameworks */ = {
			isa = PBXShellScriptBuildPhase;
			buildActionMask = 2147483647;
			files = (
			);
			inputFileListPaths = (
				"${PODS_ROOT}/Target Support Files/Pods-parsechat-parsechatUITests/Pods-parsechat-parsechatUITests-frameworks-${CONFIGURATION}-input-files.xcfilelist",
			);
			name = "[CP] Embed Pods Frameworks";
			outputFileListPaths = (
				"${PODS_ROOT}/Target Support Files/Pods-parsechat-parsechatUITests/Pods-parsechat-parsechatUITests-frameworks-${CONFIGURATION}-output-files.xcfilelist",
			);
			runOnlyForDeploymentPostprocessing = 0;
			shellPath = /bin/sh;
			shellScript = "\"${PODS_ROOT}/Target Support Files/Pods-parsechat-parsechatUITests/Pods-parsechat-parsechatUITests-frameworks.sh\"\n";
			showEnvVarsInLog = 0;
		};
/* End PBXShellScriptBuildPhase section */

/* Begin PBXSourcesBuildPhase section */
		7CEB37AC2694AFF00041B40A /* Sources */ = {
			isa = PBXSourcesBuildPhase;
			buildActionMask = 2147483647;
			files = (
				7CEB37EA2694B16D0041B40A /* LoginViewController.m in Sources */,
				7CEB37B52694AFF00041B40A /* AppDelegate.m in Sources */,
				7CEB37F02694B8410041B40A /* ChatViewController.m in Sources */,
				7CEB37F32694BA4F0041B40A /* ChatCell.m in Sources */,
				7CEB37C62694AFF10041B40A /* main.m in Sources */,
				7CEB37B82694AFF00041B40A /* SceneDelegate.m in Sources */,
			);
			runOnlyForDeploymentPostprocessing = 0;
		};
		7CEB37C72694AFF20041B40A /* Sources */ = {
			isa = PBXSourcesBuildPhase;
			buildActionMask = 2147483647;
			files = (
				7CEB37D02694AFF20041B40A /* parsechatTests.m in Sources */,
			);
			runOnlyForDeploymentPostprocessing = 0;
		};
		7CEB37D22694AFF20041B40A /* Sources */ = {
			isa = PBXSourcesBuildPhase;
			buildActionMask = 2147483647;
			files = (
				7CEB37DB2694AFF20041B40A /* parsechatUITests.m in Sources */,
			);
			runOnlyForDeploymentPostprocessing = 0;
		};
/* End PBXSourcesBuildPhase section */

/* Begin PBXTargetDependency section */
		7CEB37CD2694AFF20041B40A /* PBXTargetDependency */ = {
			isa = PBXTargetDependency;
			target = 7CEB37AF2694AFF00041B40A /* parsechat */;
			targetProxy = 7CEB37CC2694AFF20041B40A /* PBXContainerItemProxy */;
		};
		7CEB37D82694AFF20041B40A /* PBXTargetDependency */ = {
			isa = PBXTargetDependency;
			target = 7CEB37AF2694AFF00041B40A /* parsechat */;
			targetProxy = 7CEB37D72694AFF20041B40A /* PBXContainerItemProxy */;
		};
/* End PBXTargetDependency section */

/* Begin PBXVariantGroup section */
		7CEB37BC2694AFF00041B40A /* Main.storyboard */ = {
			isa = PBXVariantGroup;
			children = (
				7CEB37BD2694AFF00041B40A /* Base */,
			);
			name = Main.storyboard;
			sourceTree = "<group>";
		};
		7CEB37C12694AFF10041B40A /* LaunchScreen.storyboard */ = {
			isa = PBXVariantGroup;
			children = (
				7CEB37C22694AFF10041B40A /* Base */,
			);
			name = LaunchScreen.storyboard;
			sourceTree = "<group>";
		};
/* End PBXVariantGroup section */

/* Begin XCBuildConfiguration section */
		7CEB37DD2694AFF20041B40A /* Debug */ = {
			isa = XCBuildConfiguration;
			buildSettings = {
				ALWAYS_SEARCH_USER_PATHS = NO;
				CLANG_ANALYZER_NONNULL = YES;
				CLANG_ANALYZER_NUMBER_OBJECT_CONVERSION = YES_AGGRESSIVE;
				CLANG_CXX_LANGUAGE_STANDARD = "gnu++14";
				CLANG_CXX_LIBRARY = "libc++";
				CLANG_ENABLE_MODULES = YES;
				CLANG_ENABLE_OBJC_ARC = YES;
				CLANG_ENABLE_OBJC_WEAK = YES;
				CLANG_WARN_BLOCK_CAPTURE_AUTORELEASING = YES;
				CLANG_WARN_BOOL_CONVERSION = YES;
				CLANG_WARN_COMMA = YES;
				CLANG_WARN_CONSTANT_CONVERSION = YES;
				CLANG_WARN_DEPRECATED_OBJC_IMPLEMENTATIONS = YES;
				CLANG_WARN_DIRECT_OBJC_ISA_USAGE = YES_ERROR;
				CLANG_WARN_DOCUMENTATION_COMMENTS = YES;
				CLANG_WARN_EMPTY_BODY = YES;
				CLANG_WARN_ENUM_CONVERSION = YES;
				CLANG_WARN_INFINITE_RECURSION = YES;
				CLANG_WARN_INT_CONVERSION = YES;
				CLANG_WARN_NON_LITERAL_NULL_CONVERSION = YES;
				CLANG_WARN_OBJC_IMPLICIT_RETAIN_SELF = YES;
				CLANG_WARN_OBJC_LITERAL_CONVERSION = YES;
				CLANG_WARN_OBJC_ROOT_CLASS = YES_ERROR;
				CLANG_WARN_QUOTED_INCLUDE_IN_FRAMEWORK_HEADER = YES;
				CLANG_WARN_RANGE_LOOP_ANALYSIS = YES;
				CLANG_WARN_STRICT_PROTOTYPES = YES;
				CLANG_WARN_SUSPICIOUS_MOVE = YES;
				CLANG_WARN_UNGUARDED_AVAILABILITY = YES_AGGRESSIVE;
				CLANG_WARN_UNREACHABLE_CODE = YES;
				CLANG_WARN__DUPLICATE_METHOD_MATCH = YES;
				COPY_PHASE_STRIP = NO;
				DEBUG_INFORMATION_FORMAT = dwarf;
				ENABLE_STRICT_OBJC_MSGSEND = YES;
				ENABLE_TESTABILITY = YES;
				GCC_C_LANGUAGE_STANDARD = gnu11;
				GCC_DYNAMIC_NO_PIC = NO;
				GCC_NO_COMMON_BLOCKS = YES;
				GCC_OPTIMIZATION_LEVEL = 0;
				GCC_PREPROCESSOR_DEFINITIONS = (
					"DEBUG=1",
					"$(inherited)",
				);
				GCC_WARN_64_TO_32_BIT_CONVERSION = YES;
				GCC_WARN_ABOUT_RETURN_TYPE = YES_ERROR;
				GCC_WARN_UNDECLARED_SELECTOR = YES;
				GCC_WARN_UNINITIALIZED_AUTOS = YES_AGGRESSIVE;
				GCC_WARN_UNUSED_FUNCTION = YES;
				GCC_WARN_UNUSED_VARIABLE = YES;
				IPHONEOS_DEPLOYMENT_TARGET = 14.5;
				MTL_ENABLE_DEBUG_INFO = INCLUDE_SOURCE;
				MTL_FAST_MATH = YES;
				ONLY_ACTIVE_ARCH = YES;
				SDKROOT = iphoneos;
			};
			name = Debug;
		};
		7CEB37DE2694AFF20041B40A /* Release */ = {
			isa = XCBuildConfiguration;
			buildSettings = {
				ALWAYS_SEARCH_USER_PATHS = NO;
				CLANG_ANALYZER_NONNULL = YES;
				CLANG_ANALYZER_NUMBER_OBJECT_CONVERSION = YES_AGGRESSIVE;
				CLANG_CXX_LANGUAGE_STANDARD = "gnu++14";
				CLANG_CXX_LIBRARY = "libc++";
				CLANG_ENABLE_MODULES = YES;
				CLANG_ENABLE_OBJC_ARC = YES;
				CLANG_ENABLE_OBJC_WEAK = YES;
				CLANG_WARN_BLOCK_CAPTURE_AUTORELEASING = YES;
				CLANG_WARN_BOOL_CONVERSION = YES;
				CLANG_WARN_COMMA = YES;
				CLANG_WARN_CONSTANT_CONVERSION = YES;
				CLANG_WARN_DEPRECATED_OBJC_IMPLEMENTATIONS = YES;
				CLANG_WARN_DIRECT_OBJC_ISA_USAGE = YES_ERROR;
				CLANG_WARN_DOCUMENTATION_COMMENTS = YES;
				CLANG_WARN_EMPTY_BODY = YES;
				CLANG_WARN_ENUM_CONVERSION = YES;
				CLANG_WARN_INFINITE_RECURSION = YES;
				CLANG_WARN_INT_CONVERSION = YES;
				CLANG_WARN_NON_LITERAL_NULL_CONVERSION = YES;
				CLANG_WARN_OBJC_IMPLICIT_RETAIN_SELF = YES;
				CLANG_WARN_OBJC_LITERAL_CONVERSION = YES;
				CLANG_WARN_OBJC_ROOT_CLASS = YES_ERROR;
				CLANG_WARN_QUOTED_INCLUDE_IN_FRAMEWORK_HEADER = YES;
				CLANG_WARN_RANGE_LOOP_ANALYSIS = YES;
				CLANG_WARN_STRICT_PROTOTYPES = YES;
				CLANG_WARN_SUSPICIOUS_MOVE = YES;
				CLANG_WARN_UNGUARDED_AVAILABILITY = YES_AGGRESSIVE;
				CLANG_WARN_UNREACHABLE_CODE = YES;
				CLANG_WARN__DUPLICATE_METHOD_MATCH = YES;
				COPY_PHASE_STRIP = NO;
				DEBUG_INFORMATION_FORMAT = "dwarf-with-dsym";
				ENABLE_NS_ASSERTIONS = NO;
				ENABLE_STRICT_OBJC_MSGSEND = YES;
				GCC_C_LANGUAGE_STANDARD = gnu11;
				GCC_NO_COMMON_BLOCKS = YES;
				GCC_WARN_64_TO_32_BIT_CONVERSION = YES;
				GCC_WARN_ABOUT_RETURN_TYPE = YES_ERROR;
				GCC_WARN_UNDECLARED_SELECTOR = YES;
				GCC_WARN_UNINITIALIZED_AUTOS = YES_AGGRESSIVE;
				GCC_WARN_UNUSED_FUNCTION = YES;
				GCC_WARN_UNUSED_VARIABLE = YES;
				IPHONEOS_DEPLOYMENT_TARGET = 14.5;
				MTL_ENABLE_DEBUG_INFO = NO;
				MTL_FAST_MATH = YES;
				SDKROOT = iphoneos;
				VALIDATE_PRODUCT = YES;
			};
			name = Release;
		};
		7CEB37E02694AFF20041B40A /* Debug */ = {
			isa = XCBuildConfiguration;
			baseConfigurationReference = A6C1D1073C6042B3F22D47C6 /* Pods-parsechat.debug.xcconfig */;
			buildSettings = {
				ASSETCATALOG_COMPILER_APPICON_NAME = AppIcon;
				ASSETCATALOG_COMPILER_GLOBAL_ACCENT_COLOR_NAME = AccentColor;
				CODE_SIGN_STYLE = Automatic;
				DEVELOPMENT_TEAM = JV2M23W9B7;
				INFOPLIST_FILE = parsechat/Info.plist;
				LD_RUNPATH_SEARCH_PATHS = (
					"$(inherited)",
					"@executable_path/Frameworks",
				);
				PRODUCT_BUNDLE_IDENTIFIER = com.emilyjiang.parsechat;
				PRODUCT_NAME = "$(TARGET_NAME)";
				TARGETED_DEVICE_FAMILY = "1,2";
			};
			name = Debug;
		};
		7CEB37E12694AFF20041B40A /* Release */ = {
			isa = XCBuildConfiguration;
			baseConfigurationReference = 531DEBBF5981F843DEE931BA /* Pods-parsechat.release.xcconfig */;
			buildSettings = {
				ASSETCATALOG_COMPILER_APPICON_NAME = AppIcon;
				ASSETCATALOG_COMPILER_GLOBAL_ACCENT_COLOR_NAME = AccentColor;
				CODE_SIGN_STYLE = Automatic;
				DEVELOPMENT_TEAM = JV2M23W9B7;
				INFOPLIST_FILE = parsechat/Info.plist;
				LD_RUNPATH_SEARCH_PATHS = (
					"$(inherited)",
					"@executable_path/Frameworks",
				);
				PRODUCT_BUNDLE_IDENTIFIER = com.emilyjiang.parsechat;
				PRODUCT_NAME = "$(TARGET_NAME)";
				TARGETED_DEVICE_FAMILY = "1,2";
			};
			name = Release;
		};
		7CEB37E32694AFF20041B40A /* Debug */ = {
			isa = XCBuildConfiguration;
			baseConfigurationReference = E49D76B7785DE4E83867937F /* Pods-parsechatTests.debug.xcconfig */;
			buildSettings = {
				BUNDLE_LOADER = "$(TEST_HOST)";
				CODE_SIGN_STYLE = Automatic;
				DEVELOPMENT_TEAM = JV2M23W9B7;
				INFOPLIST_FILE = parsechatTests/Info.plist;
				IPHONEOS_DEPLOYMENT_TARGET = 14.5;
				LD_RUNPATH_SEARCH_PATHS = (
					"$(inherited)",
					"@executable_path/Frameworks",
					"@loader_path/Frameworks",
				);
				PRODUCT_BUNDLE_IDENTIFIER = com.emilyjiang.parsechatTests;
				PRODUCT_NAME = "$(TARGET_NAME)";
				TARGETED_DEVICE_FAMILY = "1,2";
				TEST_HOST = "$(BUILT_PRODUCTS_DIR)/parsechat.app/parsechat";
			};
			name = Debug;
		};
		7CEB37E42694AFF20041B40A /* Release */ = {
			isa = XCBuildConfiguration;
			baseConfigurationReference = FEEF9F6236FE6E499B545B34 /* Pods-parsechatTests.release.xcconfig */;
			buildSettings = {
				BUNDLE_LOADER = "$(TEST_HOST)";
				CODE_SIGN_STYLE = Automatic;
				DEVELOPMENT_TEAM = JV2M23W9B7;
				INFOPLIST_FILE = parsechatTests/Info.plist;
				IPHONEOS_DEPLOYMENT_TARGET = 14.5;
				LD_RUNPATH_SEARCH_PATHS = (
					"$(inherited)",
					"@executable_path/Frameworks",
					"@loader_path/Frameworks",
				);
				PRODUCT_BUNDLE_IDENTIFIER = com.emilyjiang.parsechatTests;
				PRODUCT_NAME = "$(TARGET_NAME)";
				TARGETED_DEVICE_FAMILY = "1,2";
				TEST_HOST = "$(BUILT_PRODUCTS_DIR)/parsechat.app/parsechat";
			};
			name = Release;
		};
		7CEB37E62694AFF20041B40A /* Debug */ = {
			isa = XCBuildConfiguration;
			baseConfigurationReference = 612E9B1199166B608EB2F542 /* Pods-parsechat-parsechatUITests.debug.xcconfig */;
			buildSettings = {
				CODE_SIGN_STYLE = Automatic;
				DEVELOPMENT_TEAM = JV2M23W9B7;
				INFOPLIST_FILE = parsechatUITests/Info.plist;
				LD_RUNPATH_SEARCH_PATHS = (
					"$(inherited)",
					"@executable_path/Frameworks",
					"@loader_path/Frameworks",
				);
				PRODUCT_BUNDLE_IDENTIFIER = com.emilyjiang.parsechatUITests;
				PRODUCT_NAME = "$(TARGET_NAME)";
				TARGETED_DEVICE_FAMILY = "1,2";
				TEST_TARGET_NAME = parsechat;
			};
			name = Debug;
		};
		7CEB37E72694AFF20041B40A /* Release */ = {
			isa = XCBuildConfiguration;
			baseConfigurationReference = 9F0610EC2E8C8D0B53B7AB85 /* Pods-parsechat-parsechatUITests.release.xcconfig */;
			buildSettings = {
				CODE_SIGN_STYLE = Automatic;
				DEVELOPMENT_TEAM = JV2M23W9B7;
				INFOPLIST_FILE = parsechatUITests/Info.plist;
				LD_RUNPATH_SEARCH_PATHS = (
					"$(inherited)",
					"@executable_path/Frameworks",
					"@loader_path/Frameworks",
				);
				PRODUCT_BUNDLE_IDENTIFIER = com.emilyjiang.parsechatUITests;
				PRODUCT_NAME = "$(TARGET_NAME)";
				TARGETED_DEVICE_FAMILY = "1,2";
				TEST_TARGET_NAME = parsechat;
			};
			name = Release;
		};
/* End XCBuildConfiguration section */

/* Begin XCConfigurationList section */
		7CEB37AB2694AFF00041B40A /* Build configuration list for PBXProject "parsechat" */ = {
			isa = XCConfigurationList;
			buildConfigurations = (
				7CEB37DD2694AFF20041B40A /* Debug */,
				7CEB37DE2694AFF20041B40A /* Release */,
			);
			defaultConfigurationIsVisible = 0;
			defaultConfigurationName = Release;
		};
		7CEB37DF2694AFF20041B40A /* Build configuration list for PBXNativeTarget "parsechat" */ = {
			isa = XCConfigurationList;
			buildConfigurations = (
				7CEB37E02694AFF20041B40A /* Debug */,
				7CEB37E12694AFF20041B40A /* Release */,
			);
			defaultConfigurationIsVisible = 0;
			defaultConfigurationName = Release;
		};
		7CEB37E22694AFF20041B40A /* Build configuration list for PBXNativeTarget "parsechatTests" */ = {
			isa = XCConfigurationList;
			buildConfigurations = (
				7CEB37E32694AFF20041B40A /* Debug */,
				7CEB37E42694AFF20041B40A /* Release */,
			);
			defaultConfigurationIsVisible = 0;
			defaultConfigurationName = Release;
		};
		7CEB37E52694AFF20041B40A /* Build configuration list for PBXNativeTarget "parsechatUITests" */ = {
			isa = XCConfigurationList;
			buildConfigurations = (
				7CEB37E62694AFF20041B40A /* Debug */,
				7CEB37E72694AFF20041B40A /* Release */,
			);
			defaultConfigurationIsVisible = 0;
			defaultConfigurationName = Release;
		};
/* End XCConfigurationList section */
	};
	rootObject = 7CEB37A82694AFF00041B40A /* Project object */;
}
